
Microsoft Visual Studio Solution File, Format Version 12.00
# Visual Studio Version 16
VisualStudioVersion = 16.0.29905.134
MinimumVisualStudioVersion = 10.0.40219.1
Project("{9A19103F-16F7-4668-BE54-9A1E7A4F7556}") = "BuildingMaterialsStoresWebApi.DAL", "BuildingMaterialsStoresWebApi.DAL\BuildingMaterialsStoresWebApi.DAL.csproj", "{DCBBD169-E790-4421-83E2-048B3AB73324}"
EndProject
Project("{9A19103F-16F7-4668-BE54-9A1E7A4F7556}") = "BuildingMaterialsStoresWebApi.WEBAPI", "BuildingMaterialsStoresWebApi.WEBAPI\BuildingMaterialsStoresWebApi.WEBAPI.csproj", "{65C62ED3-ED48-4555-8AD6-8C2712B6FAE7}"
EndProject
Global
	GlobalSection(SolutionConfigurationPlatforms) = preSolution
		Debug|Any CPU = Debug|Any CPU
		Release|Any CPU = Release|Any CPU
	EndGlobalSection
	GlobalSection(ProjectConfigurationPlatforms) = postSolution
		{DCBBD169-E790-4421-83E2-048B3AB73324}.Debug|Any CPU.ActiveCfg = Debug|Any CPU
		{DCBBD169-E790-4421-83E2-048B3AB73324}.Debug|Any CPU.Build.0 = Debug|Any CPU
		{DCBBD169-E790-4421-83E2-048B3AB73324}.Release|Any CPU.ActiveCfg = Release|Any CPU
		{DCBBD169-E790-4421-83E2-048B3AB73324}.Release|Any CPU.Build.0 = Release|Any CPU
		{65C62ED3-ED48-4555-8AD6-8C2712B6FAE7}.Debug|Any CPU.ActiveCfg = Debug|Any CPU
		{65C62ED3-ED48-4555-8AD6-8C2712B6FAE7}.Debug|Any CPU.Build.0 = Debug|Any CPU
		{65C62ED3-ED48-4555-8AD6-8C2712B6FAE7}.Release|Any CPU.ActiveCfg = Release|Any CPU
		{65C62ED3-ED48-4555-8AD6-8C2712B6FAE7}.Release|Any CPU.Build.0 = Release|Any CPU
	EndGlobalSection
	GlobalSection(SolutionProperties) = preSolution
		HideSolutionNode = FALSE
	EndGlobalSection
	GlobalSection(ExtensibilityGlobals) = postSolution
		SolutionGuid = {C27EA394-0F87-410E-8E3C-2156D79E1DC9}
	EndGlobalSection
EndGlobal
